// !$*UTF8*$!
{
	archiveVersion = 1;
	classes = {
	};
	objectVersion = 46;
	objects = {

/* Begin PBXBuildFile section */
		E67C0EC5164B8E3E00E9BE16 /* UIKit.framework in Frameworks */ = {isa = PBXBuildFile; fileRef = E67C0EC4164B8E3E00E9BE16 /* UIKit.framework */; };
		E67C0EC7164B8E3E00E9BE16 /* Foundation.framework in Frameworks */ = {isa = PBXBuildFile; fileRef = E67C0EC6164B8E3E00E9BE16 /* Foundation.framework */; };
		E67C0EC9164B8E3E00E9BE16 /* CoreGraphics.framework in Frameworks */ = {isa = PBXBuildFile; fileRef = E67C0EC8164B8E3E00E9BE16 /* CoreGraphics.framework */; };
		E67C0ECF164B8E3E00E9BE16 /* InfoPlist.strings in Resources */ = {isa = PBXBuildFile; fileRef = E67C0ECD164B8E3E00E9BE16 /* InfoPlist.strings */; };
		E67C0ED1164B8E3E00E9BE16 /* main.m in Sources */ = {isa = PBXBuildFile; fileRef = E67C0ED0164B8E3E00E9BE16 /* main.m */; };
		E67C0ED5164B8E3E00E9BE16 /* AppDelegate.m in Sources */ = {isa = PBXBuildFile; fileRef = E67C0ED4164B8E3E00E9BE16 /* AppDelegate.m */; };
		E67C0EDF164B8FEA00E9BE16 /* MapViewController.m in Sources */ = {isa = PBXBuildFile; fileRef = E67C0EDD164B8FEA00E9BE16 /* MapViewController.m */; };
		E67C0EE0164B8FEA00E9BE16 /* MapViewController.xib in Resources */ = {isa = PBXBuildFile; fileRef = E67C0EDE164B8FEA00E9BE16 /* MapViewController.xib */; };
		E67C0EE2164B906F00E9BE16 /* MapKit.framework in Frameworks */ = {isa = PBXBuildFile; fileRef = E67C0EE1164B906F00E9BE16 /* MapKit.framework */; };
		E67C0EE6164B911F00E9BE16 /* DetailsViewController.m in Sources */ = {isa = PBXBuildFile; fileRef = E67C0EE4164B911F00E9BE16 /* DetailsViewController.m */; };
		E67C0EE7164B911F00E9BE16 /* DetailsViewController.xib in Resources */ = {isa = PBXBuildFile; fileRef = E67C0EE5164B911F00E9BE16 /* DetailsViewController.xib */; };
		E67C0EEA164B98BD00E9BE16 /* DefaultAnnotation.m in Sources */ = {isa = PBXBuildFile; fileRef = E67C0EE9164B98BC00E9BE16 /* DefaultAnnotation.m */; };
		E67C0EED164BAF1800E9BE16 /* InputCell.m in Sources */ = {isa = PBXBuildFile; fileRef = E67C0EEC164BAF1800E9BE16 /* InputCell.m */; };
		E67C0EF2164BB2E000E9BE16 /* MultiLineInputCell.m in Sources */ = {isa = PBXBuildFile; fileRef = E67C0EF1164BB2E000E9BE16 /* MultiLineInputCell.m */; };
		E67C0EF8164BD1B000E9BE16 /* CategoryViewController.m in Sources */ = {isa = PBXBuildFile; fileRef = E67C0EF6164BD1B000E9BE16 /* CategoryViewController.m */; };
		E67C0EF9164BD1B000E9BE16 /* CategoryViewController.xib in Resources */ = {isa = PBXBuildFile; fileRef = E67C0EF7164BD1B000E9BE16 /* CategoryViewController.xib */; };
		E6A3CFCB165137BF00EBAA92 /* PlaceInfo.m in Sources */ = {isa = PBXBuildFile; fileRef = E6A3CFCA165137BF00EBAA92 /* PlaceInfo.m */; };
		E6A604E6165E1358006C49B0 /* Details.plist in Resources */ = {isa = PBXBuildFile; fileRef = E6A604E5165E1358006C49B0 /* Details.plist */; };
		E6C2F9F81655381F00EB28A5 /* QuartzCore.framework in Frameworks */ = {isa = PBXBuildFile; fileRef = E6C2F9F71655381F00EB28A5 /* QuartzCore.framework */; };
		E6CCDEDA16637D0F00BF7F01 /* DataSource.m in Sources */ = {isa = PBXBuildFile; fileRef = E6CCDED916637D0F00BF7F01 /* DataSource.m */; };
		E6E2F3CE165CB64E00E6A058 /* Arrow-Down.png in Resources */ = {isa = PBXBuildFile; fileRef = E6E2F3CD165CB64E00E6A058 /* Arrow-Down.png */; };
		E6E8BBE3165CD2290088CB06 /* pinRed.png in Resources */ = {isa = PBXBuildFile; fileRef = E6E8BBE2165CD2290088CB06 /* pinRed.png */; };
		E6E8BBE8165D1C1D0088CB06 /* AllCategoriesViewController.m in Sources */ = {isa = PBXBuildFile; fileRef = E6E8BBE6165D1C160088CB06 /* AllCategoriesViewController.m */; };
		E6E8BBE9165D1C1D0088CB06 /* AllCategoriesViewController.xib in Resources */ = {isa = PBXBuildFile; fileRef = E6E8BBE7165D1C190088CB06 /* AllCategoriesViewController.xib */; };
		E6F25257165B5A12003284B1 /* SelectedCategoryAnnotation.m in Sources */ = {isa = PBXBuildFile; fileRef = E6F25256165B5A12003284B1 /* SelectedCategoryAnnotation.m */; };
/* End PBXBuildFile section */

/* Begin PBXFileReference section */
		E67C0EC0164B8E3E00E9BE16 /* MyPlaces_.app */ = {isa = PBXFileReference; explicitFileType = wrapper.application; includeInIndex = 0; path = MyPlaces_.app; sourceTree = BUILT_PRODUCTS_DIR; };
		E67C0EC4164B8E3E00E9BE16 /* UIKit.framework */ = {isa = PBXFileReference; lastKnownFileType = wrapper.framework; name = UIKit.framework; path = System/Library/Frameworks/UIKit.framework; sourceTree = SDKROOT; };
		E67C0EC6164B8E3E00E9BE16 /* Foundation.framework */ = {isa = PBXFileReference; lastKnownFileType = wrapper.framework; name = Foundation.framework; path = System/Library/Frameworks/Foundation.framework; sourceTree = SDKROOT; };
		E67C0EC8164B8E3E00E9BE16 /* CoreGraphics.framework */ = {isa = PBXFileReference; lastKnownFileType = wrapper.framework; name = CoreGraphics.framework; path = System/Library/Frameworks/CoreGraphics.framework; sourceTree = SDKROOT; };
		E67C0ECC164B8E3E00E9BE16 /* MyPlaces_-Info.plist */ = {isa = PBXFileReference; lastKnownFileType = text.plist.xml; path = "MyPlaces_-Info.plist"; sourceTree = "<group>"; };
		E67C0ECE164B8E3E00E9BE16 /* en */ = {isa = PBXFileReference; lastKnownFileType = text.plist.strings; name = en; path = en.lproj/InfoPlist.strings; sourceTree = "<group>"; };
		E67C0ED0164B8E3E00E9BE16 /* main.m */ = {isa = PBXFileReference; lastKnownFileType = sourcecode.c.objc; path = main.m; sourceTree = "<group>"; };
		E67C0ED2164B8E3E00E9BE16 /* MyPlaces_-Prefix.pch */ = {isa = PBXFileReference; lastKnownFileType = sourcecode.c.h; path = "MyPlaces_-Prefix.pch"; sourceTree = "<group>"; };
		E67C0ED3164B8E3E00E9BE16 /* AppDelegate.h */ = {isa = PBXFileReference; lastKnownFileType = sourcecode.c.h; path = AppDelegate.h; sourceTree = "<group>"; };
		E67C0ED4164B8E3E00E9BE16 /* AppDelegate.m */ = {isa = PBXFileReference; lastKnownFileType = sourcecode.c.objc; path = AppDelegate.m; sourceTree = "<group>"; };
		E67C0EDC164B8FEA00E9BE16 /* MapViewController.h */ = {isa = PBXFileReference; fileEncoding = 4; lastKnownFileType = sourcecode.c.h; path = MapViewController.h; sourceTree = "<group>"; };
		E67C0EDD164B8FEA00E9BE16 /* MapViewController.m */ = {isa = PBXFileReference; fileEncoding = 4; lastKnownFileType = sourcecode.c.objc; path = MapViewController.m; sourceTree = "<group>"; };
		E67C0EDE164B8FEA00E9BE16 /* MapViewController.xib */ = {isa = PBXFileReference; fileEncoding = 4; lastKnownFileType = file.xib; path = MapViewController.xib; sourceTree = "<group>"; };
		E67C0EE1164B906F00E9BE16 /* MapKit.framework */ = {isa = PBXFileReference; lastKnownFileType = wrapper.framework; name = MapKit.framework; path = System/Library/Frameworks/MapKit.framework; sourceTree = SDKROOT; };
		E67C0EE4164B911F00E9BE16 /* DetailsViewController.m */ = {isa = PBXFileReference; fileEncoding = 4; lastKnownFileType = sourcecode.c.objc; path = DetailsViewController.m; sourceTree = "<group>"; };
		E67C0EE5164B911F00E9BE16 /* DetailsViewController.xib */ = {isa = PBXFileReference; fileEncoding = 4; lastKnownFileType = file.xib; path = DetailsViewController.xib; sourceTree = "<group>"; };
		E67C0EE8164B98BC00E9BE16 /* DefaultAnnotation.h */ = {isa = PBXFileReference; fileEncoding = 4; lastKnownFileType = sourcecode.c.h; path = DefaultAnnotation.h; sourceTree = "<group>"; };
		E67C0EE9164B98BC00E9BE16 /* DefaultAnnotation.m */ = {isa = PBXFileReference; fileEncoding = 4; lastKnownFileType = sourcecode.c.objc; path = DefaultAnnotation.m; sourceTree = "<group>"; };
		E67C0EEB164BAF1700E9BE16 /* InputCell.h */ = {isa = PBXFileReference; fileEncoding = 4; lastKnownFileType = sourcecode.c.h; path = InputCell.h; sourceTree = "<group>"; };
		E67C0EEC164BAF1800E9BE16 /* InputCell.m */ = {isa = PBXFileReference; fileEncoding = 4; lastKnownFileType = sourcecode.c.objc; path = InputCell.m; sourceTree = "<group>"; };
		E67C0EF0164BB2E000E9BE16 /* MultiLineInputCell.h */ = {isa = PBXFileReference; fileEncoding = 4; lastKnownFileType = sourcecode.c.h; path = MultiLineInputCell.h; sourceTree = "<group>"; };
		E67C0EF1164BB2E000E9BE16 /* MultiLineInputCell.m */ = {isa = PBXFileReference; fileEncoding = 4; lastKnownFileType = sourcecode.c.objc; path = MultiLineInputCell.m; sourceTree = "<group>"; };
		E67C0EF5164BD1B000E9BE16 /* CategoryViewController.h */ = {isa = PBXFileReference; fileEncoding = 4; lastKnownFileType = sourcecode.c.h; path = CategoryViewController.h; sourceTree = "<group>"; };
		E67C0EF6164BD1B000E9BE16 /* CategoryViewController.m */ = {isa = PBXFileReference; fileEncoding = 4; lastKnownFileType = sourcecode.c.objc; path = CategoryViewController.m; sourceTree = "<group>"; };
		E67C0EF7164BD1B000E9BE16 /* CategoryViewController.xib */ = {isa = PBXFileReference; fileEncoding = 4; lastKnownFileType = file.xib; path = CategoryViewController.xib; sourceTree = "<group>"; };
		E6A3CFC9165137BF00EBAA92 /* PlaceInfo.h */ = {isa = PBXFileReference; fileEncoding = 4; lastKnownFileType = sourcecode.c.h; path = PlaceInfo.h; sourceTree = "<group>"; };
		E6A3CFCA165137BF00EBAA92 /* PlaceInfo.m */ = {isa = PBXFileReference; fileEncoding = 4; lastKnownFileType = sourcecode.c.objc; path = PlaceInfo.m; sourceTree = "<group>"; };
		E6A604E5165E1358006C49B0 /* Details.plist */ = {isa = PBXFileReference; fileEncoding = 4; lastKnownFileType = text.plist.xml; path = Details.plist; sourceTree = "<group>"; };
		E6C2F9F61655224300EB28A5 /* DetailsViewController.h */ = {isa = PBXFileReference; fileEncoding = 4; lastKnownFileType = sourcecode.c.h; path = DetailsViewController.h; sourceTree = "<group>"; };
		E6C2F9F71655381F00EB28A5 /* QuartzCore.framework */ = {isa = PBXFileReference; lastKnownFileType = wrapper.framework; name = QuartzCore.framework; path = System/Library/Frameworks/QuartzCore.framework; sourceTree = SDKROOT; };
		E6CCDED816637D0F00BF7F01 /* DataSource.h */ = {isa = PBXFileReference; fileEncoding = 4; lastKnownFileType = sourcecode.c.h; path = DataSource.h; sourceTree = "<group>"; };
		E6CCDED916637D0F00BF7F01 /* DataSource.m */ = {isa = PBXFileReference; fileEncoding = 4; lastKnownFileType = sourcecode.c.objc; path = DataSource.m; sourceTree = "<group>"; };
		E6E2F3CD165CB64E00E6A058 /* Arrow-Down.png */ = {isa = PBXFileReference; lastKnownFileType = image.png; path = "Arrow-Down.png"; sourceTree = "<group>"; };
		E6E8BBE2165CD2290088CB06 /* pinRed.png */ = {isa = PBXFileReference; lastKnownFileType = image.png; path = pinRed.png; sourceTree = "<group>"; };
		E6E8BBE5165D1C160088CB06 /* AllCategoriesViewController.h */ = {isa = PBXFileReference; fileEncoding = 4; lastKnownFileType = sourcecode.c.h; path = AllCategoriesViewController.h; sourceTree = "<group>"; };
		E6E8BBE6165D1C160088CB06 /* AllCategoriesViewController.m */ = {isa = PBXFileReference; fileEncoding = 4; lastKnownFileType = sourcecode.c.objc; path = AllCategoriesViewController.m; sourceTree = "<group>"; };
		E6E8BBE7165D1C190088CB06 /* AllCategoriesViewController.xib */ = {isa = PBXFileReference; fileEncoding = 4; lastKnownFileType = file.xib; path = AllCategoriesViewController.xib; sourceTree = "<group>"; };
		E6F25255165B5A12003284B1 /* SelectedCategoryAnnotation.h */ = {isa = PBXFileReference; fileEncoding = 4; lastKnownFileType = sourcecode.c.h; path = SelectedCategoryAnnotation.h; sourceTree = "<group>"; };
		E6F25256165B5A12003284B1 /* SelectedCategoryAnnotation.m */ = {isa = PBXFileReference; fileEncoding = 4; lastKnownFileType = sourcecode.c.objc; path = SelectedCategoryAnnotation.m; sourceTree = "<group>"; };
/* End PBXFileReference section */

/* Begin PBXFrameworksBuildPhase section */
		E67C0EBD164B8E3E00E9BE16 /* Frameworks */ = {
			isa = PBXFrameworksBuildPhase;
			buildActionMask = 2147483647;
			files = (
				E6C2F9F81655381F00EB28A5 /* QuartzCore.framework in Frameworks */,
				E67C0EE2164B906F00E9BE16 /* MapKit.framework in Frameworks */,
				E67C0EC5164B8E3E00E9BE16 /* UIKit.framework in Frameworks */,
				E67C0EC7164B8E3E00E9BE16 /* Foundation.framework in Frameworks */,
				E67C0EC9164B8E3E00E9BE16 /* CoreGraphics.framework in Frameworks */,
			);
			runOnlyForDeploymentPostprocessing = 0;
		};
/* End PBXFrameworksBuildPhase section */

/* Begin PBXGroup section */
		E67C0EB5164B8E3E00E9BE16 = {
			isa = PBXGroup;
			children = (
				E67C0ECA164B8E3E00E9BE16 /* MyPlaces_ */,
				E67C0EC3164B8E3E00E9BE16 /* Frameworks */,
				E67C0EC1164B8E3E00E9BE16 /* Products */,
			);
			sourceTree = "<group>";
		};
		E67C0EC1164B8E3E00E9BE16 /* Products */ = {
			isa = PBXGroup;
			children = (
				E67C0EC0164B8E3E00E9BE16 /* MyPlaces_.app */,
			);
			name = Products;
			sourceTree = "<group>";
		};
		E67C0EC3164B8E3E00E9BE16 /* Frameworks */ = {
			isa = PBXGroup;
			children = (
				E6C2F9F71655381F00EB28A5 /* QuartzCore.framework */,
				E67C0EE1164B906F00E9BE16 /* MapKit.framework */,
				E67C0EC4164B8E3E00E9BE16 /* UIKit.framework */,
				E67C0EC6164B8E3E00E9BE16 /* Foundation.framework */,
				E67C0EC8164B8E3E00E9BE16 /* CoreGraphics.framework */,
			);
			name = Frameworks;
			sourceTree = "<group>";
		};
		E67C0ECA164B8E3E00E9BE16 /* MyPlaces_ */ = {
			isa = PBXGroup;
			children = (
				E67C0ED3164B8E3E00E9BE16 /* AppDelegate.h */,
				E67C0ED4164B8E3E00E9BE16 /* AppDelegate.m */,
				E67C0ECB164B8E3E00E9BE16 /* Supporting Files */,
				E67C0EFA164BF8C200E9BE16 /* Resources */,
				E67C0EDB164B8FD500E9BE16 /* View Controllers */,
				E67C0EE8164B98BC00E9BE16 /* DefaultAnnotation.h */,
				E67C0EE9164B98BC00E9BE16 /* DefaultAnnotation.m */,
				E6F25255165B5A12003284B1 /* SelectedCategoryAnnotation.h */,
				E6F25256165B5A12003284B1 /* SelectedCategoryAnnotation.m */,
				E67C0EEB164BAF1700E9BE16 /* InputCell.h */,
				E67C0EEC164BAF1800E9BE16 /* InputCell.m */,
				E67C0EF0164BB2E000E9BE16 /* MultiLineInputCell.h */,
				E67C0EF1164BB2E000E9BE16 /* MultiLineInputCell.m */,
				E6A3CFC9165137BF00EBAA92 /* PlaceInfo.h */,
				E6A3CFCA165137BF00EBAA92 /* PlaceInfo.m */,
				E6CCDED816637D0F00BF7F01 /* DataSource.h */,
				E6CCDED916637D0F00BF7F01 /* DataSource.m */,
			);
			path = MyPlaces_;
			sourceTree = "<group>";
		};
		E67C0ECB164B8E3E00E9BE16 /* Supporting Files */ = {
			isa = PBXGroup;
			children = (
				E67C0ECC164B8E3E00E9BE16 /* MyPlaces_-Info.plist */,
				E67C0ECD164B8E3E00E9BE16 /* InfoPlist.strings */,
				E67C0ED0164B8E3E00E9BE16 /* main.m */,
				E67C0ED2164B8E3E00E9BE16 /* MyPlaces_-Prefix.pch */,
			);
			name = "Supporting Files";
			sourceTree = "<group>";
		};
		E67C0EDB164B8FD500E9BE16 /* View Controllers */ = {
			isa = PBXGroup;
			children = (
				E67C0EDC164B8FEA00E9BE16 /* MapViewController.h */,
				E67C0EDD164B8FEA00E9BE16 /* MapViewController.m */,
				E67C0EDE164B8FEA00E9BE16 /* MapViewController.xib */,
				E6C2F9F61655224300EB28A5 /* DetailsViewController.h */,
				E67C0EE4164B911F00E9BE16 /* DetailsViewController.m */,
				E67C0EE5164B911F00E9BE16 /* DetailsViewController.xib */,
				E67C0EF5164BD1B000E9BE16 /* CategoryViewController.h */,
				E67C0EF6164BD1B000E9BE16 /* CategoryViewController.m */,
				E67C0EF7164BD1B000E9BE16 /* CategoryViewController.xib */,
				E6E8BBE5165D1C160088CB06 /* AllCategoriesViewController.h */,
				E6E8BBE6165D1C160088CB06 /* AllCategoriesViewController.m */,
				E6E8BBE7165D1C190088CB06 /* AllCategoriesViewController.xib */,
			);
			path = "View Controllers";
			sourceTree = "<group>";
		};
		E67C0EFA164BF8C200E9BE16 /* Resources */ = {
			isa = PBXGroup;
			children = (
				E6E8BBE2165CD2290088CB06 /* pinRed.png */,
				E6E2F3CD165CB64E00E6A058 /* Arrow-Down.png */,
				E6A604E5165E1358006C49B0 /* Details.plist */,
			);
			path = Resources;
			sourceTree = "<group>";
		};
/* End PBXGroup section */

/* Begin PBXNativeTarget section */
		E67C0EBF164B8E3E00E9BE16 /* MyPlaces_ */ = {
			isa = PBXNativeTarget;
			buildConfigurationList = E67C0ED8164B8E3E00E9BE16 /* Build configuration list for PBXNativeTarget "MyPlaces_" */;
			buildPhases = (
				E67C0EBC164B8E3E00E9BE16 /* Sources */,
				E67C0EBD164B8E3E00E9BE16 /* Frameworks */,
				E67C0EBE164B8E3E00E9BE16 /* Resources */,
			);
			buildRules = (
			);
			dependencies = (
			);
			name = MyPlaces_;
			productName = MyPlaces_;
			productReference = E67C0EC0164B8E3E00E9BE16 /* MyPlaces_.app */;
			productType = "com.apple.product-type.application";
		};
/* End PBXNativeTarget section */

/* Begin PBXProject section */
		E67C0EB7164B8E3E00E9BE16 /* Project object */ = {
			isa = PBXProject;
			attributes = {
				LastUpgradeCheck = 0420;
			};
			buildConfigurationList = E67C0EBA164B8E3E00E9BE16 /* Build configuration list for PBXProject "MyPlaces_" */;
			compatibilityVersion = "Xcode 3.2";
			developmentRegion = English;
			hasScannedForEncodings = 0;
			knownRegions = (
				en,
			);
			mainGroup = E67C0EB5164B8E3E00E9BE16;
			productRefGroup = E67C0EC1164B8E3E00E9BE16 /* Products */;
			projectDirPath = "";
			projectRoot = "";
			targets = (
				E67C0EBF164B8E3E00E9BE16 /* MyPlaces_ */,
			);
		};
/* End PBXProject section */

/* Begin PBXResourcesBuildPhase section */
		E67C0EBE164B8E3E00E9BE16 /* Resources */ = {
			isa = PBXResourcesBuildPhase;
			buildActionMask = 2147483647;
			files = (
				E67C0ECF164B8E3E00E9BE16 /* InfoPlist.strings in Resources */,
				E67C0EE0164B8FEA00E9BE16 /* MapViewController.xib in Resources */,
				E67C0EE7164B911F00E9BE16 /* DetailsViewController.xib in Resources */,
				E67C0EF9164BD1B000E9BE16 /* CategoryViewController.xib in Resources */,
				E6E2F3CE165CB64E00E6A058 /* Arrow-Down.png in Resources */,
				E6E8BBE3165CD2290088CB06 /* pinRed.png in Resources */,
				E6E8BBE9165D1C1D0088CB06 /* AllCategoriesViewController.xib in Resources */,
				E6A604E6165E1358006C49B0 /* Details.plist in Resources */,
			);
			runOnlyForDeploymentPostprocessing = 0;
		};
/* End PBXResourcesBuildPhase section */

/* Begin PBXSourcesBuildPhase section */
		E67C0EBC164B8E3E00E9BE16 /* Sources */ = {
			isa = PBXSourcesBuildPhase;
			buildActionMask = 2147483647;
			files = (
				E67C0ED1164B8E3E00E9BE16 /* main.m in Sources */,
				E67C0ED5164B8E3E00E9BE16 /* AppDelegate.m in Sources */,
				E67C0EDF164B8FEA00E9BE16 /* MapViewController.m in Sources */,
				E67C0EE6164B911F00E9BE16 /* DetailsViewController.m in Sources */,
				E67C0EEA164B98BD00E9BE16 /* DefaultAnnotation.m in Sources */,
				E67C0EED164BAF1800E9BE16 /* InputCell.m in Sources */,
				E67C0EF2164BB2E000E9BE16 /* MultiLineInputCell.m in Sources */,
				E67C0EF8164BD1B000E9BE16 /* CategoryViewController.m in Sources */,
				E6A3CFCB165137BF00EBAA92 /* PlaceInfo.m in Sources */,
				E6F25257165B5A12003284B1 /* SelectedCategoryAnnotation.m in Sources */,
				E6E8BBE8165D1C1D0088CB06 /* AllCategoriesViewController.m in Sources */,
				E6CCDEDA16637D0F00BF7F01 /* DataSource.m in Sources */,
			);
			runOnlyForDeploymentPostprocessing = 0;
		};
/* End PBXSourcesBuildPhase section */

/* Begin PBXVariantGroup section */
		E67C0ECD164B8E3E00E9BE16 /* InfoPlist.strings */ = {
			isa = PBXVariantGroup;
			children = (
				E67C0ECE164B8E3E00E9BE16 /* en */,
			);
			name = InfoPlist.strings;
			sourceTree = "<group>";
		};
/* End PBXVariantGroup section */

/* Begin XCBuildConfiguration section */
		E67C0ED6164B8E3E00E9BE16 /* Debug */ = {
			isa = XCBuildConfiguration;
			buildSettings = {
				ALWAYS_SEARCH_USER_PATHS = NO;
				ARCHS = "$(ARCHS_STANDARD_32_BIT)";
				CLANG_ENABLE_OBJC_ARC = YES;
				"CODE_SIGN_IDENTITY[sdk=iphoneos*]" = "iPhone Developer";
				COPY_PHASE_STRIP = NO;
				GCC_C_LANGUAGE_STANDARD = gnu99;
				GCC_DYNAMIC_NO_PIC = NO;
				GCC_OPTIMIZATION_LEVEL = 0;
				GCC_PREPROCESSOR_DEFINITIONS = (
					"DEBUG=1",
					"$(inherited)",
				);
				GCC_SYMBOLS_PRIVATE_EXTERN = NO;
				GCC_VERSION = com.apple.compilers.llvm.clang.1_0;
				GCC_WARN_ABOUT_MISSING_PROTOTYPES = YES;
				GCC_WARN_ABOUT_RETURN_TYPE = YES;
				GCC_WARN_UNUSED_VARIABLE = YES;
				IPHONEOS_DEPLOYMENT_TARGET = 5.0;
				SDKROOT = iphoneos;
			};
			name = Debug;
		};
		E67C0ED7164B8E3E00E9BE16 /* Release */ = {
			isa = XCBuildConfiguration;
			buildSettings = {
				ALWAYS_SEARCH_USER_PATHS = NO;
				ARCHS = "$(ARCHS_STANDARD_32_BIT)";
				CLANG_ENABLE_OBJC_ARC = YES;
				"CODE_SIGN_IDENTITY[sdk=iphoneos*]" = "iPhone Developer";
				COPY_PHASE_STRIP = YES;
				GCC_C_LANGUAGE_STANDARD = gnu99;
				GCC_VERSION = com.apple.compilers.llvm.clang.1_0;
				GCC_WARN_ABOUT_MISSING_PROTOTYPES = YES;
				GCC_WARN_ABOUT_RETURN_TYPE = YES;
				GCC_WARN_UNUSED_VARIABLE = YES;
				IPHONEOS_DEPLOYMENT_TARGET = 5.0;
				OTHER_CFLAGS = "-DNS_BLOCK_ASSERTIONS=1";
				SDKROOT = iphoneos;
				VALIDATE_PRODUCT = YES;
			};
			name = Release;
		};
		E67C0ED9164B8E3E00E9BE16 /* Debug */ = {
			isa = XCBuildConfiguration;
			buildSettings = {
				GCC_PRECOMPILE_PREFIX_HEADER = YES;
				GCC_PREFIX_HEADER = "MyPlaces_/MyPlaces_-Prefix.pch";
				INFOPLIST_FILE = "MyPlaces_/MyPlaces_-Info.plist";
				PRODUCT_NAME = "$(TARGET_NAME)";
				WRAPPER_EXTENSION = app;
			};
			name = Debug;
		};
		E67C0EDA164B8E3E00E9BE16 /* Release */ = {
			isa = XCBuildConfiguration;
			buildSettings = {
				GCC_PRECOMPILE_PREFIX_HEADER = YES;
				GCC_PREFIX_HEADER = "MyPlaces_/MyPlaces_-Prefix.pch";
				INFOPLIST_FILE = "MyPlaces_/MyPlaces_-Info.plist";
				PRODUCT_NAME = "$(TARGET_NAME)";
				WRAPPER_EXTENSION = app;
			};
			name = Release;
		};
/* End XCBuildConfiguration section */

/* Begin XCConfigurationList section */
		E67C0EBA164B8E3E00E9BE16 /* Build configuration list for PBXProject "MyPlaces_" */ = {
			isa = XCConfigurationList;
			buildConfigurations = (
				E67C0ED6164B8E3E00E9BE16 /* Debug */,
				E67C0ED7164B8E3E00E9BE16 /* Release */,
			);
			defaultConfigurationIsVisible = 0;
			defaultConfigurationName = Release;
		};
		E67C0ED8164B8E3E00E9BE16 /* Build configuration list for PBXNativeTarget "MyPlaces_" */ = {
			isa = XCConfigurationList;
			buildConfigurations = (
				E67C0ED9164B8E3E00E9BE16 /* Debug */,
				E67C0EDA164B8E3E00E9BE16 /* Release */,
			);
			defaultConfigurationIsVisible = 0;
			defaultConfigurationName = Release;
		};
/* End XCConfigurationList section */
	};
	rootObject = E67C0EB7164B8E3E00E9BE16 /* Project object */;
}
